
Microsoft Visual Studio Solution File, Format Version 12.00
# Visual Studio 2013
VisualStudioVersion = 12.0.30501.0
MinimumVisualStudioVersion = 10.0.40219.1
Project("{FAE04EC0-301F-11D3-BF4B-00C04F79EFBC}") = "OpenRGSS", "OpenRGSS\OpenRGSS.csproj", "{1E71C07E-04DB-4297-AA7C-444BA3521FF5}"
EndProject
Project("{2150E333-8FDC-42A3-9474-1A3956D46DE8}") = "Runtime", "Runtime", "{A2CE6719-6A87-4B05-8BA6-C34E28D37F47}"
EndProject
Project("{FAE04EC0-301F-11D3-BF4B-00C04F79EFBC}") = "RGSS", "Runtime\RGSS\RGSS.csproj", "{BAF28B74-49D8-4162-B662-7473A6D4FB99}"
EndProject
Project("{2150E333-8FDC-42A3-9474-1A3956D46DE8}") = "Solution Items", "Solution Items", "{217BDE98-25C2-40D5-BF17-9C33F8FE25B3}"
	ProjectSection(SolutionItems) = preProject
		LICENSE = LICENSE
	EndProjectSection
EndProject
Global
	GlobalSection(SolutionConfigurationPlatforms) = preSolution
		Debug|Any CPU = Debug|Any CPU
		Release|Any CPU = Release|Any CPU
	EndGlobalSection
	GlobalSection(ProjectConfigurationPlatforms) = postSolution
		{1E71C07E-04DB-4297-AA7C-444BA3521FF5}.Debug|Any CPU.ActiveCfg = Debug|Any CPU
		{1E71C07E-04DB-4297-AA7C-444BA3521FF5}.Debug|Any CPU.Build.0 = Debug|Any CPU
		{1E71C07E-04DB-4297-AA7C-444BA3521FF5}.Release|Any CPU.ActiveCfg = Release|Any CPU
		{1E71C07E-04DB-4297-AA7C-444BA3521FF5}.Release|Any CPU.Build.0 = Release|Any CPU
		{BAF28B74-49D8-4162-B662-7473A6D4FB99}.Debug|Any CPU.ActiveCfg = Debug|Any CPU
		{BAF28B74-49D8-4162-B662-7473A6D4FB99}.Debug|Any CPU.Build.0 = Debug|Any CPU
		{BAF28B74-49D8-4162-B662-7473A6D4FB99}.Release|Any CPU.ActiveCfg = Release|Any CPU
		{BAF28B74-49D8-4162-B662-7473A6D4FB99}.Release|Any CPU.Build.0 = Release|Any CPU
	EndGlobalSection
	GlobalSection(SolutionProperties) = preSolution
		HideSolutionNode = FALSE
	EndGlobalSection
	GlobalSection(NestedProjects) = preSolution
		{BAF28B74-49D8-4162-B662-7473A6D4FB99} = {A2CE6719-6A87-4B05-8BA6-C34E28D37F47}
	EndGlobalSection
EndGlobal
